
Microsoft Visual Studio Solution File, Format Version 12.00
# Visual Studio Version 16
VisualStudioVersion = 16.0.29905.134
MinimumVisualStudioVersion = 10.0.40219.1
Project("{FAE04EC0-301F-11D3-BF4B-00C04F79EFBC}") = "RestTest.Tests", "RestTest.Tests\RestTest.Tests.csproj", "{F45ECCE2-1088-44B7-8CEA-D5C630C248A6}"
EndProject
Project("{FAE04EC0-301F-11D3-BF4B-00C04F79EFBC}") = "RestTest.Library", "RestTest.Library\RestTest.Library.csproj", "{268B544F-88B2-4A36-BF64-2B7F090966A5}"
EndProject
Global
	GlobalSection(SolutionConfigurationPlatforms) = preSolution
		Debug|Any CPU = Debug|Any CPU
		Release|Any CPU = Release|Any CPU
	EndGlobalSection
	GlobalSection(ProjectConfigurationPlatforms) = postSolution
		{F45ECCE2-1088-44B7-8CEA-D5C630C248A6}.Debug|Any CPU.ActiveCfg = Debug|Any CPU
		{F45ECCE2-1088-44B7-8CEA-D5C630C248A6}.Debug|Any CPU.Build.0 = Debug|Any CPU
		{F45ECCE2-1088-44B7-8CEA-D5C630C248A6}.Release|Any CPU.ActiveCfg = Release|Any CPU
		{F45ECCE2-1088-44B7-8CEA-D5C630C248A6}.Release|Any CPU.Build.0 = Release|Any CPU
		{268B544F-88B2-4A36-BF64-2B7F090966A5}.Debug|Any CPU.ActiveCfg = Debug|Any CPU
		{268B544F-88B2-4A36-BF64-2B7F090966A5}.Debug|Any CPU.Build.0 = Debug|Any CPU
		{268B544F-88B2-4A36-BF64-2B7F090966A5}.Release|Any CPU.ActiveCfg = Release|Any CPU
		{268B544F-88B2-4A36-BF64-2B7F090966A5}.Release|Any CPU.Build.0 = Release|Any CPU
	EndGlobalSection
	GlobalSection(SolutionProperties) = preSolution
		HideSolutionNode = FALSE
	EndGlobalSection
	GlobalSection(ExtensibilityGlobals) = postSolution
		SolutionGuid = {48F2F56A-C605-4F32-A090-C670D0259B1F}
	EndGlobalSection
EndGlobal
