
Microsoft Visual Studio Solution File, Format Version 12.00
# Visual Studio Version 16
VisualStudioVersion = 16.0.29905.134
MinimumVisualStudioVersion = 10.0.40219.1
Project("{9A19103F-16F7-4668-BE54-9A1E7A4F7556}") = "RestTest.Library", "RestTest.Library\RestTest.Library.csproj", "{268B544F-88B2-4A36-BF64-2B7F090966A5}"
EndProject
Project("{9A19103F-16F7-4668-BE54-9A1E7A4F7556}") = "RestTest.Configuration", "RestTest.Configuration\RestTest.Configuration.csproj", "{09176D62-6756-4902-AA65-9DBFAA5BC55C}"
EndProject
Project("{2150E333-8FDC-42A3-9474-1A3956D46DE8}") = "Tests", "Tests", "{642F57CB-37D6-45A1-B4E8-EC7C2A492864}"
EndProject
Project("{FAE04EC0-301F-11D3-BF4B-00C04F79EFBC}") = "RestTest.Configuration.Test", "RestTest.Configuration.Test\RestTest.Configuration.Test.csproj", "{3083F43A-71CD-45E8-A22A-893D52254A75}"
EndProject
Project("{FAE04EC0-301F-11D3-BF4B-00C04F79EFBC}") = "RestTest.Library.Test", "RestTest.Library.Test\RestTest.Library.Test.csproj", "{B94DC502-F72C-44EC-8BD8-46F7B5E3CA70}"
EndProject
Project("{FAE04EC0-301F-11D3-BF4B-00C04F79EFBC}") = "RestTest.RestRequest", "RestTest.RestRequest\RestTest.RestRequest.csproj", "{FA224902-F242-407B-8CCF-606E98E44BDC}"
EndProject
Project("{FAE04EC0-301F-11D3-BF4B-00C04F79EFBC}") = "RestTest.RestRequest.Test", "RestTest.RestRequest.Test\RestTest.RestRequest.Test.csproj", "{058F2A7B-FF39-4E86-9F80-B4D0D3F0CC1C}"
EndProject
Global
	GlobalSection(SolutionConfigurationPlatforms) = preSolution
		Debug|Any CPU = Debug|Any CPU
		Release|Any CPU = Release|Any CPU
	EndGlobalSection
	GlobalSection(ProjectConfigurationPlatforms) = postSolution
		{268B544F-88B2-4A36-BF64-2B7F090966A5}.Debug|Any CPU.ActiveCfg = Debug|Any CPU
		{268B544F-88B2-4A36-BF64-2B7F090966A5}.Debug|Any CPU.Build.0 = Debug|Any CPU
		{268B544F-88B2-4A36-BF64-2B7F090966A5}.Release|Any CPU.ActiveCfg = Release|Any CPU
		{268B544F-88B2-4A36-BF64-2B7F090966A5}.Release|Any CPU.Build.0 = Release|Any CPU
		{09176D62-6756-4902-AA65-9DBFAA5BC55C}.Debug|Any CPU.ActiveCfg = Debug|Any CPU
		{09176D62-6756-4902-AA65-9DBFAA5BC55C}.Debug|Any CPU.Build.0 = Debug|Any CPU
		{09176D62-6756-4902-AA65-9DBFAA5BC55C}.Release|Any CPU.ActiveCfg = Release|Any CPU
		{09176D62-6756-4902-AA65-9DBFAA5BC55C}.Release|Any CPU.Build.0 = Release|Any CPU
		{3083F43A-71CD-45E8-A22A-893D52254A75}.Debug|Any CPU.ActiveCfg = Debug|Any CPU
		{3083F43A-71CD-45E8-A22A-893D52254A75}.Debug|Any CPU.Build.0 = Debug|Any CPU
		{3083F43A-71CD-45E8-A22A-893D52254A75}.Release|Any CPU.ActiveCfg = Release|Any CPU
		{3083F43A-71CD-45E8-A22A-893D52254A75}.Release|Any CPU.Build.0 = Release|Any CPU
		{B94DC502-F72C-44EC-8BD8-46F7B5E3CA70}.Debug|Any CPU.ActiveCfg = Debug|Any CPU
		{B94DC502-F72C-44EC-8BD8-46F7B5E3CA70}.Debug|Any CPU.Build.0 = Debug|Any CPU
		{B94DC502-F72C-44EC-8BD8-46F7B5E3CA70}.Release|Any CPU.ActiveCfg = Release|Any CPU
		{B94DC502-F72C-44EC-8BD8-46F7B5E3CA70}.Release|Any CPU.Build.0 = Release|Any CPU
		{FA224902-F242-407B-8CCF-606E98E44BDC}.Debug|Any CPU.ActiveCfg = Debug|Any CPU
		{FA224902-F242-407B-8CCF-606E98E44BDC}.Debug|Any CPU.Build.0 = Debug|Any CPU
		{FA224902-F242-407B-8CCF-606E98E44BDC}.Release|Any CPU.ActiveCfg = Release|Any CPU
		{FA224902-F242-407B-8CCF-606E98E44BDC}.Release|Any CPU.Build.0 = Release|Any CPU
		{058F2A7B-FF39-4E86-9F80-B4D0D3F0CC1C}.Debug|Any CPU.ActiveCfg = Debug|Any CPU
		{058F2A7B-FF39-4E86-9F80-B4D0D3F0CC1C}.Debug|Any CPU.Build.0 = Debug|Any CPU
		{058F2A7B-FF39-4E86-9F80-B4D0D3F0CC1C}.Release|Any CPU.ActiveCfg = Release|Any CPU
		{058F2A7B-FF39-4E86-9F80-B4D0D3F0CC1C}.Release|Any CPU.Build.0 = Release|Any CPU
	EndGlobalSection
	GlobalSection(SolutionProperties) = preSolution
		HideSolutionNode = FALSE
	EndGlobalSection
	GlobalSection(NestedProjects) = preSolution
		{3083F43A-71CD-45E8-A22A-893D52254A75} = {642F57CB-37D6-45A1-B4E8-EC7C2A492864}
		{B94DC502-F72C-44EC-8BD8-46F7B5E3CA70} = {642F57CB-37D6-45A1-B4E8-EC7C2A492864}
		{058F2A7B-FF39-4E86-9F80-B4D0D3F0CC1C} = {642F57CB-37D6-45A1-B4E8-EC7C2A492864}
	EndGlobalSection
	GlobalSection(ExtensibilityGlobals) = postSolution
		SolutionGuid = {48F2F56A-C605-4F32-A090-C670D0259B1F}
	EndGlobalSection
EndGlobal
